{
  "name": "cowin-notification",
  "version": "1.0.0",
  "lockfileVersion": 1,
  "requires": true,
  "dependencies": {
    "graceful-fs": {
      "version": "4.2.6",
      "resolved": "https://artifactory.ciena.com/api/npm/blueplanet-npm/graceful-fs/-/graceful-fs-4.2.6.tgz",
      "integrity": "sha1-/wQLKwhTsjw9MQJ1I3BvGIXXa+4="
    },
    "is-stream": {
      "version": "2.0.0",
      "resolved": "https://artifactory.ciena.com/api/npm/blueplanet-npm/is-stream/-/is-stream-2.0.0.tgz",
      "integrity": "sha1-venDJoDW+uBBKdasnZIc54FfeOM="
    },
    "make-dir": {
      "version": "3.1.0",
      "resolved": "https://artifactory.ciena.com/api/npm/blueplanet-npm/make-dir/-/make-dir-3.1.0.tgz",
      "integrity": "sha1-QV6WcEazp/HRhSd9hKpYIDcmoT8=",
      "requires": {
        "semver": "^6.0.0"
      }
    },
    "path-exists": {
      "version": "4.0.0",
      "resolved": "https://artifactory.ciena.com/api/npm/blueplanet-npm/path-exists/-/path-exists-4.0.0.tgz",
      "integrity": "sha1-UTvb4tO5XXdi6METfvoZXGxhtbM="
    },
    "prepend-file": {
      "version": "2.0.0",
      "resolved": "https://artifactory.ciena.com/api/npm/blueplanet-npm/prepend-file/-/prepend-file-2.0.0.tgz",
      "integrity": "sha1-LTJWN2pkyjtWQBU4kKicrb668ak=",
      "requires": {
        "path-exists": "^4.0.0",
        "temp-write": "^4.0.0"
      }
    },
    "semver": {
      "version": "6.3.0",
      "resolved": "https://artifactory.ciena.com/api/npm/blueplanet-npm/semver/-/semver-6.3.0.tgz",
      "integrity": "sha1-7gpkyK9ejO6mdoexM3YeG+y9HT0="
    },
    "sound-play": {
      "version": "1.1.0",
      "resolved": "https://artifactory.ciena.com/api/npm/blueplanet-npm/sound-play/-/sound-play-1.1.0.tgz",
      "integrity": "sha1-WP+jHRv1GCLUnZH/eGVZH9k3Y4E="
    },
    "temp-dir": {
      "version": "1.0.0",
      "resolved": "https://artifactory.ciena.com/api/npm/blueplanet-npm/temp-dir/-/temp-dir-1.0.0.tgz",
      "integrity": "sha1-CnwOom06Oa+n4OvqnB/AvE2qAR0="
    },
    "temp-write": {
      "version": "4.0.0",
      "resolved": "https://artifactory.ciena.com/api/npm/blueplanet-npm/temp-write/-/temp-write-4.0.0.tgz",
      "integrity": "sha1-zS4IJfyCauctIB3Cbu879+b8kyA=",
      "requires": {
        "graceful-fs": "^4.1.15",
        "is-stream": "^2.0.0",
        "make-dir": "^3.0.0",
        "temp-dir": "^1.0.0",
        "uuid": "^3.3.2"
      }
    },
    "uuid": {
      "version": "3.4.0",
      "resolved": "https://artifactory.ciena.com/api/npm/blueplanet-npm/uuid/-/uuid-3.4.0.tgz",
      "integrity": "sha1-sj5DWK+oogL+ehAK8fX4g/AgB+4="
    }
  }
}
